// !$*UTF8*$!
{
	archiveVersion = 1;
	classes = {
	};
	objectVersion = 50;
	objects = {

/* Begin PBXBuildFile section */
		9E4E05B62417650600928BD4 /* AppDelegate.swift in Sources */ = {isa = PBXBuildFile; fileRef = 9E4E05B52417650600928BD4 /* AppDelegate.swift */; };
		9E4E05B82417650600928BD4 /* SceneDelegate.swift in Sources */ = {isa = PBXBuildFile; fileRef = 9E4E05B72417650600928BD4 /* SceneDelegate.swift */; };
		9E4E05BA2417650600928BD4 /* ViewController.swift in Sources */ = {isa = PBXBuildFile; fileRef = 9E4E05B92417650600928BD4 /* ViewController.swift */; };
		9E4E05BD2417650600928BD4 /* Main.storyboard in Resources */ = {isa = PBXBuildFile; fileRef = 9E4E05BB2417650600928BD4 /* Main.storyboard */; };
		9E4E05BF2417650900928BD4 /* Assets.xcassets in Resources */ = {isa = PBXBuildFile; fileRef = 9E4E05BE2417650900928BD4 /* Assets.xcassets */; };
		9E4E05C22417650900928BD4 /* LaunchScreen.storyboard in Resources */ = {isa = PBXBuildFile; fileRef = 9E4E05C02417650900928BD4 /* LaunchScreen.storyboard */; };
		9E4E05CA24176FF400928BD4 /* Da Bears 100.PNG in Resources */ = {isa = PBXBuildFile; fileRef = 9E4E05C924176FF400928BD4 /* Da Bears 100.PNG */; };
		9E4E05D3241781F200928BD4 /* Bear2.wav in Resources */ = {isa = PBXBuildFile; fileRef = 9E4E05CC241781F100928BD4 /* Bear2.wav */; };
		9E4E05D4241781F200928BD4 /* Motorcycle.wav in Resources */ = {isa = PBXBuildFile; fileRef = 9E4E05CD241781F100928BD4 /* Motorcycle.wav */; };
		9E4E05D5241781F200928BD4 /* Rat2.wav in Resources */ = {isa = PBXBuildFile; fileRef = 9E4E05CE241781F100928BD4 /* Rat2.wav */; };
		9E4E05D6241781F200928BD4 /* Rat.wav in Resources */ = {isa = PBXBuildFile; fileRef = 9E4E05CF241781F100928BD4 /* Rat.wav */; };
		9E4E05D7241781F200928BD4 /* Da Bear.wav in Resources */ = {isa = PBXBuildFile; fileRef = 9E4E05D0241781F200928BD4 /* Da Bear.wav */; };
		9E4E05D8241781F200928BD4 /* Bear.wav in Resources */ = {isa = PBXBuildFile; fileRef = 9E4E05D1241781F200928BD4 /* Bear.wav */; };
		9E4E05D9241781F200928BD4 /* Under the Skin.wav in Resources */ = {isa = PBXBuildFile; fileRef = 9E4E05D2241781F200928BD4 /* Under the Skin.wav */; };
		9E84D0152418A3C80090B770 /* UIExtensions.swift in Sources */ = {isa = PBXBuildFile; fileRef = 9E84D0142418A3C80090B770 /* UIExtensions.swift */; };
		9E84D0172418ACA80090B770 /* Slurp.wav in Resources */ = {isa = PBXBuildFile; fileRef = 9E84D0162418ACA80090B770 /* Slurp.wav */; };
		9E84D01C2418B2160090B770 /* BearCut2.wav in Resources */ = {isa = PBXBuildFile; fileRef = 9E84D0182418B2160090B770 /* BearCut2.wav */; };
		9E84D01D2418B2160090B770 /* BearCut1.wav in Resources */ = {isa = PBXBuildFile; fileRef = 9E84D0192418B2160090B770 /* BearCut1.wav */; };
		9E84D01E2418B2160090B770 /* BearCut3.wav in Resources */ = {isa = PBXBuildFile; fileRef = 9E84D01A2418B2160090B770 /* BearCut3.wav */; };
		9E84D01F2418B2160090B770 /* BearCut4.wav in Resources */ = {isa = PBXBuildFile; fileRef = 9E84D01B2418B2160090B770 /* BearCut4.wav */; };
		9E84D0212419EFAD0090B770 /* Da Bear 2.wav in Resources */ = {isa = PBXBuildFile; fileRef = 9E84D0202419EFAD0090B770 /* Da Bear 2.wav */; };
		9E84D0262419F3F70090B770 /* RatCut1.wav in Resources */ = {isa = PBXBuildFile; fileRef = 9E84D0222419F3F70090B770 /* RatCut1.wav */; };
		9E84D0272419F3F70090B770 /* Bear2Cut1.wav in Resources */ = {isa = PBXBuildFile; fileRef = 9E84D0232419F3F70090B770 /* Bear2Cut1.wav */; };
		9E84D0282419F3F70090B770 /* Under the Skin Fade Out.wav in Resources */ = {isa = PBXBuildFile; fileRef = 9E84D0242419F3F70090B770 /* Under the Skin Fade Out.wav */; };
		9E84D0292419F3F70090B770 /* Motorcycle2.wav in Resources */ = {isa = PBXBuildFile; fileRef = 9E84D0252419F3F70090B770 /* Motorcycle2.wav */; };
		9E84D02D2419F8A40090B770 /* Bear2Cut2.wav in Resources */ = {isa = PBXBuildFile; fileRef = 9E84D02A2419F8A30090B770 /* Bear2Cut2.wav */; };
		9E84D02E2419F8A40090B770 /* Bear2Cut4.wav in Resources */ = {isa = PBXBuildFile; fileRef = 9E84D02B2419F8A30090B770 /* Bear2Cut4.wav */; };
		9E84D02F2419F8A40090B770 /* Bear2Cut3.wav in Resources */ = {isa = PBXBuildFile; fileRef = 9E84D02C2419F8A40090B770 /* Bear2Cut3.wav */; };
		9E84D031241A0A620090B770 /* Under the Skin with Strings.wav in Resources */ = {isa = PBXBuildFile; fileRef = 9E84D030241A0A620090B770 /* Under the Skin with Strings.wav */; };
		9EFDB7952417EE240062F27E /* To Do.rtf in Resources */ = {isa = PBXBuildFile; fileRef = 9EFDB7942417EE240062F27E /* To Do.rtf */; };
/* End PBXBuildFile section */

/* Begin PBXFileReference section */
		9E4E05B22417650600928BD4 /* Rat & Children.app */ = {isa = PBXFileReference; explicitFileType = wrapper.application; includeInIndex = 0; path = "Rat & Children.app"; sourceTree = BUILT_PRODUCTS_DIR; };
		9E4E05B52417650600928BD4 /* AppDelegate.swift */ = {isa = PBXFileReference; lastKnownFileType = sourcecode.swift; path = AppDelegate.swift; sourceTree = "<group>"; };
		9E4E05B72417650600928BD4 /* SceneDelegate.swift */ = {isa = PBXFileReference; lastKnownFileType = sourcecode.swift; path = SceneDelegate.swift; sourceTree = "<group>"; };
		9E4E05B92417650600928BD4 /* ViewController.swift */ = {isa = PBXFileReference; lastKnownFileType = sourcecode.swift; path = ViewController.swift; sourceTree = "<group>"; };
		9E4E05BC2417650600928BD4 /* Base */ = {isa = PBXFileReference; lastKnownFileType = file.storyboard; name = Base; path = Base.lproj/Main.storyboard; sourceTree = "<group>"; };
		9E4E05BE2417650900928BD4 /* Assets.xcassets */ = {isa = PBXFileReference; lastKnownFileType = folder.assetcatalog; path = Assets.xcassets; sourceTree = "<group>"; };
		9E4E05C12417650900928BD4 /* Base */ = {isa = PBXFileReference; lastKnownFileType = file.storyboard; name = Base; path = Base.lproj/LaunchScreen.storyboard; sourceTree = "<group>"; };
		9E4E05C32417650900928BD4 /* Info.plist */ = {isa = PBXFileReference; lastKnownFileType = text.plist.xml; path = Info.plist; sourceTree = "<group>"; };
		9E4E05C924176FF400928BD4 /* Da Bears 100.PNG */ = {isa = PBXFileReference; lastKnownFileType = image.png; path = "Da Bears 100.PNG"; sourceTree = "<group>"; };
		9E4E05CC241781F100928BD4 /* Bear2.wav */ = {isa = PBXFileReference; lastKnownFileType = audio.wav; path = Bear2.wav; sourceTree = "<group>"; };
		9E4E05CD241781F100928BD4 /* Motorcycle.wav */ = {isa = PBXFileReference; lastKnownFileType = audio.wav; path = Motorcycle.wav; sourceTree = "<group>"; };
		9E4E05CE241781F100928BD4 /* Rat2.wav */ = {isa = PBXFileReference; lastKnownFileType = audio.wav; path = Rat2.wav; sourceTree = "<group>"; };
		9E4E05CF241781F100928BD4 /* Rat.wav */ = {isa = PBXFileReference; lastKnownFileType = audio.wav; path = Rat.wav; sourceTree = "<group>"; };
		9E4E05D0241781F200928BD4 /* Da Bear.wav */ = {isa = PBXFileReference; lastKnownFileType = audio.wav; path = "Da Bear.wav"; sourceTree = "<group>"; };
		9E4E05D1241781F200928BD4 /* Bear.wav */ = {isa = PBXFileReference; lastKnownFileType = audio.wav; path = Bear.wav; sourceTree = "<group>"; };
		9E4E05D2241781F200928BD4 /* Under the Skin.wav */ = {isa = PBXFileReference; lastKnownFileType = audio.wav; path = "Under the Skin.wav"; sourceTree = "<group>"; };
		9E84D0142418A3C80090B770 /* UIExtensions.swift */ = {isa = PBXFileReference; lastKnownFileType = sourcecode.swift; path = UIExtensions.swift; sourceTree = "<group>"; };
		9E84D0162418ACA80090B770 /* Slurp.wav */ = {isa = PBXFileReference; lastKnownFileType = audio.wav; path = Slurp.wav; sourceTree = "<group>"; };
		9E84D0182418B2160090B770 /* BearCut2.wav */ = {isa = PBXFileReference; lastKnownFileType = audio.wav; path = BearCut2.wav; sourceTree = "<group>"; };
		9E84D0192418B2160090B770 /* BearCut1.wav */ = {isa = PBXFileReference; lastKnownFileType = audio.wav; path = BearCut1.wav; sourceTree = "<group>"; };
		9E84D01A2418B2160090B770 /* BearCut3.wav */ = {isa = PBXFileReference; lastKnownFileType = audio.wav; path = BearCut3.wav; sourceTree = "<group>"; };
		9E84D01B2418B2160090B770 /* BearCut4.wav */ = {isa = PBXFileReference; lastKnownFileType = audio.wav; path = BearCut4.wav; sourceTree = "<group>"; };
		9E84D0202419EFAD0090B770 /* Da Bear 2.wav */ = {isa = PBXFileReference; lastKnownFileType = audio.wav; path = "Da Bear 2.wav"; sourceTree = "<group>"; };
		9E84D0222419F3F70090B770 /* RatCut1.wav */ = {isa = PBXFileReference; lastKnownFileType = audio.wav; path = RatCut1.wav; sourceTree = "<group>"; };
		9E84D0232419F3F70090B770 /* Bear2Cut1.wav */ = {isa = PBXFileReference; lastKnownFileType = audio.wav; path = Bear2Cut1.wav; sourceTree = "<group>"; };
		9E84D0242419F3F70090B770 /* Under the Skin Fade Out.wav */ = {isa = PBXFileReference; lastKnownFileType = audio.wav; path = "Under the Skin Fade Out.wav"; sourceTree = "<group>"; };
		9E84D0252419F3F70090B770 /* Motorcycle2.wav */ = {isa = PBXFileReference; lastKnownFileType = audio.wav; path = Motorcycle2.wav; sourceTree = "<group>"; };
		9E84D02A2419F8A30090B770 /* Bear2Cut2.wav */ = {isa = PBXFileReference; lastKnownFileType = audio.wav; path = Bear2Cut2.wav; sourceTree = "<group>"; };
		9E84D02B2419F8A30090B770 /* Bear2Cut4.wav */ = {isa = PBXFileReference; lastKnownFileType = audio.wav; path = Bear2Cut4.wav; sourceTree = "<group>"; };
		9E84D02C2419F8A40090B770 /* Bear2Cut3.wav */ = {isa = PBXFileReference; lastKnownFileType = audio.wav; path = Bear2Cut3.wav; sourceTree = "<group>"; };
		9E84D030241A0A620090B770 /* Under the Skin with Strings.wav */ = {isa = PBXFileReference; lastKnownFileType = audio.wav; path = "Under the Skin with Strings.wav"; sourceTree = "<group>"; };
		9EFDB7942417EE240062F27E /* To Do.rtf */ = {isa = PBXFileReference; lastKnownFileType = text.rtf; path = "To Do.rtf"; sourceTree = "<group>"; };
/* End PBXFileReference section */

/* Begin PBXFrameworksBuildPhase section */
		9E4E05AF2417650600928BD4 /* Frameworks */ = {
			isa = PBXFrameworksBuildPhase;
			buildActionMask = 2147483647;
			files = (
			);
			runOnlyForDeploymentPostprocessing = 0;
		};
/* End PBXFrameworksBuildPhase section */

/* Begin PBXGroup section */
		9E4E05A92417650600928BD4 = {
			isa = PBXGroup;
			children = (
				9E4E05B42417650600928BD4 /* Rat & Children */,
				9E4E05B32417650600928BD4 /* Products */,
			);
			sourceTree = "<group>";
		};
		9E4E05B32417650600928BD4 /* Products */ = {
			isa = PBXGroup;
			children = (
				9E4E05B22417650600928BD4 /* Rat & Children.app */,
			);
			name = Products;
			sourceTree = "<group>";
		};
		9E4E05B42417650600928BD4 /* Rat & Children */ = {
			isa = PBXGroup;
			children = (
				9E4E05CB24177AA700928BD4 /* Sounds */,
				9E4E05B52417650600928BD4 /* AppDelegate.swift */,
				9E4E05B72417650600928BD4 /* SceneDelegate.swift */,
				9E4E05B92417650600928BD4 /* ViewController.swift */,
				9E4E05BB2417650600928BD4 /* Main.storyboard */,
				9E4E05C924176FF400928BD4 /* Da Bears 100.PNG */,
				9E4E05BE2417650900928BD4 /* Assets.xcassets */,
				9E4E05C02417650900928BD4 /* LaunchScreen.storyboard */,
				9E4E05C32417650900928BD4 /* Info.plist */,
				9EFDB7942417EE240062F27E /* To Do.rtf */,
				9E84D0142418A3C80090B770 /* UIExtensions.swift */,
			);
			path = "Rat & Children";
			sourceTree = "<group>";
		};
		9E4E05CB24177AA700928BD4 /* Sounds */ = {
			isa = PBXGroup;
			children = (
				9E4E05D1241781F200928BD4 /* Bear.wav */,
				9E4E05CC241781F100928BD4 /* Bear2.wav */,
				9E84D0192418B2160090B770 /* BearCut1.wav */,
				9E84D0182418B2160090B770 /* BearCut2.wav */,
				9E84D01A2418B2160090B770 /* BearCut3.wav */,
				9E84D0202419EFAD0090B770 /* Da Bear 2.wav */,
				9E84D01B2418B2160090B770 /* BearCut4.wav */,
				9E4E05D0241781F200928BD4 /* Da Bear.wav */,
				9E84D0232419F3F70090B770 /* Bear2Cut1.wav */,
				9E84D02A2419F8A30090B770 /* Bear2Cut2.wav */,
				9E84D02C2419F8A40090B770 /* Bear2Cut3.wav */,
				9E84D02B2419F8A30090B770 /* Bear2Cut4.wav */,
				9E84D0252419F3F70090B770 /* Motorcycle2.wav */,
				9E84D030241A0A620090B770 /* Under the Skin with Strings.wav */,
				9E84D0222419F3F70090B770 /* RatCut1.wav */,
				9E84D0242419F3F70090B770 /* Under the Skin Fade Out.wav */,
				9E4E05CD241781F100928BD4 /* Motorcycle.wav */,
				9E84D0162418ACA80090B770 /* Slurp.wav */,
				9E4E05CF241781F100928BD4 /* Rat.wav */,
				9E4E05CE241781F100928BD4 /* Rat2.wav */,
				9E4E05D2241781F200928BD4 /* Under the Skin.wav */,
			);
			path = Sounds;
			sourceTree = "<group>";
		};
/* End PBXGroup section */

/* Begin PBXNativeTarget section */
		9E4E05B12417650600928BD4 /* Rat & Children */ = {
			isa = PBXNativeTarget;
			buildConfigurationList = 9E4E05C62417650900928BD4 /* Build configuration list for PBXNativeTarget "Rat & Children" */;
			buildPhases = (
				9E4E05AE2417650600928BD4 /* Sources */,
				9E4E05AF2417650600928BD4 /* Frameworks */,
				9E4E05B02417650600928BD4 /* Resources */,
			);
			buildRules = (
			);
			dependencies = (
			);
			name = "Rat & Children";
			productName = "Rat & Children";
			productReference = 9E4E05B22417650600928BD4 /* Rat & Children.app */;
			productType = "com.apple.product-type.application";
		};
/* End PBXNativeTarget section */

/* Begin PBXProject section */
		9E4E05AA2417650600928BD4 /* Project object */ = {
			isa = PBXProject;
			attributes = {
				LastSwiftUpdateCheck = 1130;
				LastUpgradeCheck = 1130;
				ORGANIZATIONNAME = "paul alcott";
				TargetAttributes = {
					9E4E05B12417650600928BD4 = {
						CreatedOnToolsVersion = 11.3.1;
					};
				};
			};
			buildConfigurationList = 9E4E05AD2417650600928BD4 /* Build configuration list for PBXProject "Rat & Children" */;
			compatibilityVersion = "Xcode 9.3";
			developmentRegion = en;
			hasScannedForEncodings = 0;
			knownRegions = (
				en,
				Base,
			);
			mainGroup = 9E4E05A92417650600928BD4;
			productRefGroup = 9E4E05B32417650600928BD4 /* Products */;
			projectDirPath = "";
			projectRoot = "";
			targets = (
				9E4E05B12417650600928BD4 /* Rat & Children */,
			);
		};
/* End PBXProject section */

/* Begin PBXResourcesBuildPhase section */
		9E4E05B02417650600928BD4 /* Resources */ = {
			isa = PBXResourcesBuildPhase;
			buildActionMask = 2147483647;
			files = (
				9E4E05C22417650900928BD4 /* LaunchScreen.storyboard in Resources */,
				9E84D01F2418B2160090B770 /* BearCut4.wav in Resources */,
				9E84D01E2418B2160090B770 /* BearCut3.wav in Resources */,
				9E84D0172418ACA80090B770 /* Slurp.wav in Resources */,
				9E4E05BF2417650900928BD4 /* Assets.xcassets in Resources */,
				9E84D031241A0A620090B770 /* Under the Skin with Strings.wav in Resources */,
				9E4E05D6241781F200928BD4 /* Rat.wav in Resources */,
				9E4E05D5241781F200928BD4 /* Rat2.wav in Resources */,
				9E4E05D9241781F200928BD4 /* Under the Skin.wav in Resources */,
				9E84D0272419F3F70090B770 /* Bear2Cut1.wav in Resources */,
				9E84D0212419EFAD0090B770 /* Da Bear 2.wav in Resources */,
				9E84D0292419F3F70090B770 /* Motorcycle2.wav in Resources */,
				9E84D01D2418B2160090B770 /* BearCut1.wav in Resources */,
				9E84D01C2418B2160090B770 /* BearCut2.wav in Resources */,
				9E4E05D3241781F200928BD4 /* Bear2.wav in Resources */,
				9E84D02F2419F8A40090B770 /* Bear2Cut3.wav in Resources */,
				9E4E05D7241781F200928BD4 /* Da Bear.wav in Resources */,
				9E4E05D8241781F200928BD4 /* Bear.wav in Resources */,
				9E84D02D2419F8A40090B770 /* Bear2Cut2.wav in Resources */,
				9E4E05CA24176FF400928BD4 /* Da Bears 100.PNG in Resources */,
				9E84D0282419F3F70090B770 /* Under the Skin Fade Out.wav in Resources */,
				9EFDB7952417EE240062F27E /* To Do.rtf in Resources */,
				9E84D0262419F3F70090B770 /* RatCut1.wav in Resources */,
				9E84D02E2419F8A40090B770 /* Bear2Cut4.wav in Resources */,
				9E4E05BD2417650600928BD4 /* Main.storyboard in Resources */,
				9E4E05D4241781F200928BD4 /* Motorcycle.wav in Resources */,
			);
			runOnlyForDeploymentPostprocessing = 0;
		};
/* End PBXResourcesBuildPhase section */

/* Begin PBXSourcesBuildPhase section */
		9E4E05AE2417650600928BD4 /* Sources */ = {
			isa = PBXSourcesBuildPhase;
			buildActionMask = 2147483647;
			files = (
				9E4E05BA2417650600928BD4 /* ViewController.swift in Sources */,
				9E84D0152418A3C80090B770 /* UIExtensions.swift in Sources */,
				9E4E05B62417650600928BD4 /* AppDelegate.swift in Sources */,
				9E4E05B82417650600928BD4 /* SceneDelegate.swift in Sources */,
			);
			runOnlyForDeploymentPostprocessing = 0;
		};
/* End PBXSourcesBuildPhase section */

/* Begin PBXVariantGroup section */
		9E4E05BB2417650600928BD4 /* Main.storyboard */ = {
			isa = PBXVariantGroup;
			children = (
				9E4E05BC2417650600928BD4 /* Base */,
			);
			name = Main.storyboard;
			sourceTree = "<group>";
		};
		9E4E05C02417650900928BD4 /* LaunchScreen.storyboard */ = {
			isa = PBXVariantGroup;
			children = (
				9E4E05C12417650900928BD4 /* Base */,
			);
			name = LaunchScreen.storyboard;
			sourceTree = "<group>";
		};
/* End PBXVariantGroup section */

/* Begin XCBuildConfiguration section */
		9E4E05C42417650900928BD4 /* Debug */ = {
			isa = XCBuildConfiguration;
			buildSettings = {
				ALWAYS_SEARCH_USER_PATHS = NO;
				CLANG_ANALYZER_NONNULL = YES;
				CLANG_ANALYZER_NUMBER_OBJECT_CONVERSION = YES_AGGRESSIVE;
				CLANG_CXX_LANGUAGE_STANDARD = "gnu++14";
				CLANG_CXX_LIBRARY = "libc++";
				CLANG_ENABLE_MODULES = YES;
				CLANG_ENABLE_OBJC_ARC = YES;
				CLANG_ENABLE_OBJC_WEAK = YES;
				CLANG_WARN_BLOCK_CAPTURE_AUTORELEASING = YES;
				CLANG_WARN_BOOL_CONVERSION = YES;
				CLANG_WARN_COMMA = YES;
				CLANG_WARN_CONSTANT_CONVERSION = YES;
				CLANG_WARN_DEPRECATED_OBJC_IMPLEMENTATIONS = YES;
				CLANG_WARN_DIRECT_OBJC_ISA_USAGE = YES_ERROR;
				CLANG_WARN_DOCUMENTATION_COMMENTS = YES;
				CLANG_WARN_EMPTY_BODY = YES;
				CLANG_WARN_ENUM_CONVERSION = YES;
				CLANG_WARN_INFINITE_RECURSION = YES;
				CLANG_WARN_INT_CONVERSION = YES;
				CLANG_WARN_NON_LITERAL_NULL_CONVERSION = YES;
				CLANG_WARN_OBJC_IMPLICIT_RETAIN_SELF = YES;
				CLANG_WARN_OBJC_LITERAL_CONVERSION = YES;
				CLANG_WARN_OBJC_ROOT_CLASS = YES_ERROR;
				CLANG_WARN_RANGE_LOOP_ANALYSIS = YES;
				CLANG_WARN_STRICT_PROTOTYPES = YES;
				CLANG_WARN_SUSPICIOUS_MOVE = YES;
				CLANG_WARN_UNGUARDED_AVAILABILITY = YES_AGGRESSIVE;
				CLANG_WARN_UNREACHABLE_CODE = YES;
				CLANG_WARN__DUPLICATE_METHOD_MATCH = YES;
				COPY_PHASE_STRIP = NO;
				DEBUG_INFORMATION_FORMAT = dwarf;
				ENABLE_STRICT_OBJC_MSGSEND = YES;
				ENABLE_TESTABILITY = YES;
				GCC_C_LANGUAGE_STANDARD = gnu11;
				GCC_DYNAMIC_NO_PIC = NO;
				GCC_NO_COMMON_BLOCKS = YES;
				GCC_OPTIMIZATION_LEVEL = 0;
				GCC_PREPROCESSOR_DEFINITIONS = (
					"DEBUG=1",
					"$(inherited)",
				);
				GCC_WARN_64_TO_32_BIT_CONVERSION = YES;
				GCC_WARN_ABOUT_RETURN_TYPE = YES_ERROR;
				GCC_WARN_UNDECLARED_SELECTOR = YES;
				GCC_WARN_UNINITIALIZED_AUTOS = YES_AGGRESSIVE;
				GCC_WARN_UNUSED_FUNCTION = YES;
				GCC_WARN_UNUSED_VARIABLE = YES;
				IPHONEOS_DEPLOYMENT_TARGET = 13.2;
				MTL_ENABLE_DEBUG_INFO = INCLUDE_SOURCE;
				MTL_FAST_MATH = YES;
				ONLY_ACTIVE_ARCH = YES;
				SDKROOT = iphoneos;
				SWIFT_ACTIVE_COMPILATION_CONDITIONS = DEBUG;
				SWIFT_OPTIMIZATION_LEVEL = "-Onone";
			};
			name = Debug;
		};
		9E4E05C52417650900928BD4 /* Release */ = {
			isa = XCBuildConfiguration;
			buildSettings = {
				ALWAYS_SEARCH_USER_PATHS = NO;
				CLANG_ANALYZER_NONNULL = YES;
				CLANG_ANALYZER_NUMBER_OBJECT_CONVERSION = YES_AGGRESSIVE;
				CLANG_CXX_LANGUAGE_STANDARD = "gnu++14";
				CLANG_CXX_LIBRARY = "libc++";
				CLANG_ENABLE_MODULES = YES;
				CLANG_ENABLE_OBJC_ARC = YES;
				CLANG_ENABLE_OBJC_WEAK = YES;
				CLANG_WARN_BLOCK_CAPTURE_AUTORELEASING = YES;
				CLANG_WARN_BOOL_CONVERSION = YES;
				CLANG_WARN_COMMA = YES;
				CLANG_WARN_CONSTANT_CONVERSION = YES;
				CLANG_WARN_DEPRECATED_OBJC_IMPLEMENTATIONS = YES;
				CLANG_WARN_DIRECT_OBJC_ISA_USAGE = YES_ERROR;
				CLANG_WARN_DOCUMENTATION_COMMENTS = YES;
				CLANG_WARN_EMPTY_BODY = YES;
				CLANG_WARN_ENUM_CONVERSION = YES;
				CLANG_WARN_INFINITE_RECURSION = YES;
				CLANG_WARN_INT_CONVERSION = YES;
				CLANG_WARN_NON_LITERAL_NULL_CONVERSION = YES;
				CLANG_WARN_OBJC_IMPLICIT_RETAIN_SELF = YES;
				CLANG_WARN_OBJC_LITERAL_CONVERSION = YES;
				CLANG_WARN_OBJC_ROOT_CLASS = YES_ERROR;
				CLANG_WARN_RANGE_LOOP_ANALYSIS = YES;
				CLANG_WARN_STRICT_PROTOTYPES = YES;
				CLANG_WARN_SUSPICIOUS_MOVE = YES;
				CLANG_WARN_UNGUARDED_AVAILABILITY = YES_AGGRESSIVE;
				CLANG_WARN_UNREACHABLE_CODE = YES;
				CLANG_WARN__DUPLICATE_METHOD_MATCH = YES;
				COPY_PHASE_STRIP = NO;
				DEBUG_INFORMATION_FORMAT = "dwarf-with-dsym";
				ENABLE_NS_ASSERTIONS = NO;
				ENABLE_STRICT_OBJC_MSGSEND = YES;
				GCC_C_LANGUAGE_STANDARD = gnu11;
				GCC_NO_COMMON_BLOCKS = YES;
				GCC_WARN_64_TO_32_BIT_CONVERSION = YES;
				GCC_WARN_ABOUT_RETURN_TYPE = YES_ERROR;
				GCC_WARN_UNDECLARED_SELECTOR = YES;
				GCC_WARN_UNINITIALIZED_AUTOS = YES_AGGRESSIVE;
				GCC_WARN_UNUSED_FUNCTION = YES;
				GCC_WARN_UNUSED_VARIABLE = YES;
				IPHONEOS_DEPLOYMENT_TARGET = 13.2;
				MTL_ENABLE_DEBUG_INFO = NO;
				MTL_FAST_MATH = YES;
				SDKROOT = iphoneos;
				SWIFT_COMPILATION_MODE = wholemodule;
				SWIFT_OPTIMIZATION_LEVEL = "-O";
				VALIDATE_PRODUCT = YES;
			};
			name = Release;
		};
		9E4E05C72417650900928BD4 /* Debug */ = {
			isa = XCBuildConfiguration;
			buildSettings = {
				ASSETCATALOG_COMPILER_APPICON_NAME = AppIcon;
				CODE_SIGN_STYLE = Automatic;
				DEVELOPMENT_TEAM = ND6FXDR95A;
				INFOPLIST_FILE = "Rat & Children/Info.plist";
				LD_RUNPATH_SEARCH_PATHS = (
					"$(inherited)",
					"@executable_path/Frameworks",
				);
				PRODUCT_BUNDLE_IDENTIFIER = "com.vikingpleasurepalace.Rat---Children";
				PRODUCT_NAME = "$(TARGET_NAME)";
				SWIFT_VERSION = 5.0;
				TARGETED_DEVICE_FAMILY = "1,2";
			};
			name = Debug;
		};
		9E4E05C82417650900928BD4 /* Release */ = {
			isa = XCBuildConfiguration;
			buildSettings = {
				ASSETCATALOG_COMPILER_APPICON_NAME = AppIcon;
				CODE_SIGN_STYLE = Automatic;
				DEVELOPMENT_TEAM = ND6FXDR95A;
				INFOPLIST_FILE = "Rat & Children/Info.plist";
				LD_RUNPATH_SEARCH_PATHS = (
					"$(inherited)",
					"@executable_path/Frameworks",
				);
				PRODUCT_BUNDLE_IDENTIFIER = "com.vikingpleasurepalace.Rat---Children";
				PRODUCT_NAME = "$(TARGET_NAME)";
				SWIFT_VERSION = 5.0;
				TARGETED_DEVICE_FAMILY = "1,2";
			};
			name = Release;
		};
/* End XCBuildConfiguration section */

/* Begin XCConfigurationList section */
		9E4E05AD2417650600928BD4 /* Build configuration list for PBXProject "Rat & Children" */ = {
			isa = XCConfigurationList;
			buildConfigurations = (
				9E4E05C42417650900928BD4 /* Debug */,
				9E4E05C52417650900928BD4 /* Release */,
			);
			defaultConfigurationIsVisible = 0;
			defaultConfigurationName = Release;
		};
		9E4E05C62417650900928BD4 /* Build configuration list for PBXNativeTarget "Rat & Children" */ = {
			isa = XCConfigurationList;
			buildConfigurations = (
				9E4E05C72417650900928BD4 /* Debug */,
				9E4E05C82417650900928BD4 /* Release */,
			);
			defaultConfigurationIsVisible = 0;
			defaultConfigurationName = Release;
		};
/* End XCConfigurationList section */
	};
	rootObject = 9E4E05AA2417650600928BD4 /* Project object */;
}
